
Microsoft Visual Studio Solution File, Format Version 12.00
# Visual Studio Version 16
VisualStudioVersion = 16.0.30907.101
MinimumVisualStudioVersion = 10.0.40219.1
Project("{FAE04EC0-301F-11D3-BF4B-00C04F79EFBC}") = "ClassMetotDemo", "ClassMetotDemo\ClassMetotDemo.csproj", "{814F6856-2AE4-4F1C-87E3-577F50C477C3}"
EndProject
Global
	GlobalSection(SolutionConfigurationPlatforms) = preSolution
		Debug|Any CPU = Debug|Any CPU
		Release|Any CPU = Release|Any CPU
	EndGlobalSection
	GlobalSection(ProjectConfigurationPlatforms) = postSolution
		{814F6856-2AE4-4F1C-87E3-577F50C477C3}.Debug|Any CPU.ActiveCfg = Debug|Any CPU
		{814F6856-2AE4-4F1C-87E3-577F50C477C3}.Debug|Any CPU.Build.0 = Debug|Any CPU
		{814F6856-2AE4-4F1C-87E3-577F50C477C3}.Release|Any CPU.ActiveCfg = Release|Any CPU
		{814F6856-2AE4-4F1C-87E3-577F50C477C3}.Release|Any CPU.Build.0 = Release|Any CPU
	EndGlobalSection
	GlobalSection(SolutionProperties) = preSolution
		HideSolutionNode = FALSE
	EndGlobalSection
	GlobalSection(ExtensibilityGlobals) = postSolution
		SolutionGuid = {2FFF25A4-FE7D-4FB3-9846-87D644F4CD28}
	EndGlobalSection
EndGlobal
